
Microsoft Visual Studio Solution File, Format Version 12.00
# Visual Studio Version 16
VisualStudioVersion = 16.0.32228.343
MinimumVisualStudioVersion = 10.0.40219.1
Project("{FAE04EC0-301F-11D3-BF4B-00C04F79EFBC}") = "TestTechnique", "TestTechnique.csproj", "{0ED55ADF-9796-44E8-A42A-C6B9ADDAA33B}"
EndProject
Global
	GlobalSection(SolutionConfigurationPlatforms) = preSolution
		Debug|Any CPU = Debug|Any CPU
		Release|Any CPU = Release|Any CPU
	EndGlobalSection
	GlobalSection(ProjectConfigurationPlatforms) = postSolution
		{0ED55ADF-9796-44E8-A42A-C6B9ADDAA33B}.Debug|Any CPU.ActiveCfg = Debug|Any CPU
		{0ED55ADF-9796-44E8-A42A-C6B9ADDAA33B}.Debug|Any CPU.Build.0 = Debug|Any CPU
		{0ED55ADF-9796-44E8-A42A-C6B9ADDAA33B}.Release|Any CPU.ActiveCfg = Release|Any CPU
		{0ED55ADF-9796-44E8-A42A-C6B9ADDAA33B}.Release|Any CPU.Build.0 = Release|Any CPU
	EndGlobalSection
	GlobalSection(SolutionProperties) = preSolution
		HideSolutionNode = FALSE
	EndGlobalSection
	GlobalSection(ExtensibilityGlobals) = postSolution
		SolutionGuid = {493BD767-9221-4DC8-BB76-70D4EAE5B4C4}
	EndGlobalSection
EndGlobal
